
Microsoft Visual Studio Solution File, Format Version 12.00
# Visual Studio Version 17
VisualStudioVersion = 17.8.34511.84
MinimumVisualStudioVersion = 10.0.40219.1
Project("{9A19103F-16F7-4668-BE54-9A1E7A4F7556}") = "matrix", "matrix.csproj", "{E874BF89-B8F0-42F7-91EA-C1EF5697875A}"
EndProject
Global
	GlobalSection(SolutionConfigurationPlatforms) = preSolution
		Debug|Any CPU = Debug|Any CPU
		Release|Any CPU = Release|Any CPU
	EndGlobalSection
	GlobalSection(ProjectConfigurationPlatforms) = postSolution
		{E874BF89-B8F0-42F7-91EA-C1EF5697875A}.Debug|Any CPU.ActiveCfg = Debug|Any CPU
		{E874BF89-B8F0-42F7-91EA-C1EF5697875A}.Debug|Any CPU.Build.0 = Debug|Any CPU
		{E874BF89-B8F0-42F7-91EA-C1EF5697875A}.Release|Any CPU.ActiveCfg = Release|Any CPU
		{E874BF89-B8F0-42F7-91EA-C1EF5697875A}.Release|Any CPU.Build.0 = Release|Any CPU
	EndGlobalSection
	GlobalSection(SolutionProperties) = preSolution
		HideSolutionNode = FALSE
	EndGlobalSection
	GlobalSection(ExtensibilityGlobals) = postSolution
		SolutionGuid = {E1862874-F107-482A-95D5-9E43E51E3B63}
	EndGlobalSection
EndGlobal
